// !$*UTF8*$!
{
	archiveVersion = 1;
	classes = {
	};
	objectVersion = 50;
	objects = {

/* Begin PBXBuildFile section */
		C121C660224F6C77004EE31C /* MIDIKit.framework in Frameworks */ = {isa = PBXBuildFile; fileRef = C121C656224F6C77004EE31C /* MIDIKit.framework */; };
		C121C665224F6C77004EE31C /* MIDIMessageParserTests.swift in Sources */ = {isa = PBXBuildFile; fileRef = C121C664224F6C77004EE31C /* MIDIMessageParserTests.swift */; };
		C121C667224F6C77004EE31C /* MIDIKit.h in Headers */ = {isa = PBXBuildFile; fileRef = C121C659224F6C77004EE31C /* MIDIKit.h */; settings = {ATTRIBUTES = (Public, ); }; };
		C121C671224F6D00004EE31C /* MIDIKit.swift in Sources */ = {isa = PBXBuildFile; fileRef = C121C670224F6D00004EE31C /* MIDIKit.swift */; };
		C121C675224F6DE8004EE31C /* MIDIParser.swift in Sources */ = {isa = PBXBuildFile; fileRef = C121C674224F6DE8004EE31C /* MIDIParser.swift */; };
		C121C679225127C2004EE31C /* MIDIMessageKindTests.swift in Sources */ = {isa = PBXBuildFile; fileRef = C121C678225127C2004EE31C /* MIDIMessageKindTests.swift */; };
		C121C67E22520F7B004EE31C /* MIDIMessageToBytes.swift in Sources */ = {isa = PBXBuildFile; fileRef = C121C67D22520F7B004EE31C /* MIDIMessageToBytes.swift */; };
		C121C68022520FA0004EE31C /* MIDIMessage.swift in Sources */ = {isa = PBXBuildFile; fileRef = C121C67F22520FA0004EE31C /* MIDIMessage.swift */; };
		C151788E2252970B0000732D /* MIDIMessageToBytesTests.swift in Sources */ = {isa = PBXBuildFile; fileRef = C151788D2252970B0000732D /* MIDIMessageToBytesTests.swift */; };
/* End PBXBuildFile section */

/* Begin PBXContainerItemProxy section */
		C121C661224F6C77004EE31C /* PBXContainerItemProxy */ = {
			isa = PBXContainerItemProxy;
			containerPortal = C121C64D224F6C77004EE31C /* Project object */;
			proxyType = 1;
			remoteGlobalIDString = C121C655224F6C77004EE31C;
			remoteInfo = MIDIKit;
		};
/* End PBXContainerItemProxy section */

/* Begin PBXFileReference section */
		C121C656224F6C77004EE31C /* MIDIKit.framework */ = {isa = PBXFileReference; explicitFileType = wrapper.framework; includeInIndex = 0; path = MIDIKit.framework; sourceTree = BUILT_PRODUCTS_DIR; };
		C121C659224F6C77004EE31C /* MIDIKit.h */ = {isa = PBXFileReference; lastKnownFileType = sourcecode.c.h; path = MIDIKit.h; sourceTree = "<group>"; };
		C121C65A224F6C77004EE31C /* Info.plist */ = {isa = PBXFileReference; lastKnownFileType = text.plist.xml; path = Info.plist; sourceTree = "<group>"; };
		C121C65F224F6C77004EE31C /* MIDIKitTests.xctest */ = {isa = PBXFileReference; explicitFileType = wrapper.cfbundle; includeInIndex = 0; path = MIDIKitTests.xctest; sourceTree = BUILT_PRODUCTS_DIR; };
		C121C664224F6C77004EE31C /* MIDIMessageParserTests.swift */ = {isa = PBXFileReference; lastKnownFileType = sourcecode.swift; path = MIDIMessageParserTests.swift; sourceTree = "<group>"; };
		C121C666224F6C77004EE31C /* Info.plist */ = {isa = PBXFileReference; lastKnownFileType = text.plist.xml; path = Info.plist; sourceTree = "<group>"; };
		C121C670224F6D00004EE31C /* MIDIKit.swift */ = {isa = PBXFileReference; lastKnownFileType = sourcecode.swift; path = MIDIKit.swift; sourceTree = "<group>"; };
		C121C674224F6DE8004EE31C /* MIDIParser.swift */ = {isa = PBXFileReference; lastKnownFileType = sourcecode.swift; path = MIDIParser.swift; sourceTree = "<group>"; };
		C121C678225127C2004EE31C /* MIDIMessageKindTests.swift */ = {isa = PBXFileReference; lastKnownFileType = sourcecode.swift; path = MIDIMessageKindTests.swift; sourceTree = "<group>"; };
		C121C67C2251550C004EE31C /* Playground.playground */ = {isa = PBXFileReference; lastKnownFileType = file.playground; path = Playground.playground; sourceTree = "<group>"; xcLanguageSpecificationIdentifier = xcode.lang.swift; };
		C121C67D22520F7B004EE31C /* MIDIMessageToBytes.swift */ = {isa = PBXFileReference; lastKnownFileType = sourcecode.swift; path = MIDIMessageToBytes.swift; sourceTree = "<group>"; };
		C121C67F22520FA0004EE31C /* MIDIMessage.swift */ = {isa = PBXFileReference; lastKnownFileType = sourcecode.swift; path = MIDIMessage.swift; sourceTree = "<group>"; };
		C151788D2252970B0000732D /* MIDIMessageToBytesTests.swift */ = {isa = PBXFileReference; lastKnownFileType = sourcecode.swift; path = MIDIMessageToBytesTests.swift; sourceTree = "<group>"; };
/* End PBXFileReference section */

/* Begin PBXFrameworksBuildPhase section */
		C121C653224F6C77004EE31C /* Frameworks */ = {
			isa = PBXFrameworksBuildPhase;
			buildActionMask = 2147483647;
			files = (
			);
			runOnlyForDeploymentPostprocessing = 0;
		};
		C121C65C224F6C77004EE31C /* Frameworks */ = {
			isa = PBXFrameworksBuildPhase;
			buildActionMask = 2147483647;
			files = (
				C121C660224F6C77004EE31C /* MIDIKit.framework in Frameworks */,
			);
			runOnlyForDeploymentPostprocessing = 0;
		};
/* End PBXFrameworksBuildPhase section */

/* Begin PBXGroup section */
		C121C64C224F6C77004EE31C = {
			isa = PBXGroup;
			children = (
				C121C67C2251550C004EE31C /* Playground.playground */,
				C121C658224F6C77004EE31C /* MIDIKit */,
				C121C663224F6C77004EE31C /* MIDIKitTests */,
				C121C657224F6C77004EE31C /* Products */,
			);
			sourceTree = "<group>";
		};
		C121C657224F6C77004EE31C /* Products */ = {
			isa = PBXGroup;
			children = (
				C121C656224F6C77004EE31C /* MIDIKit.framework */,
				C121C65F224F6C77004EE31C /* MIDIKitTests.xctest */,
			);
			name = Products;
			sourceTree = "<group>";
		};
		C121C658224F6C77004EE31C /* MIDIKit */ = {
			isa = PBXGroup;
			children = (
				C121C670224F6D00004EE31C /* MIDIKit.swift */,
				C121C659224F6C77004EE31C /* MIDIKit.h */,
				C121C65A224F6C77004EE31C /* Info.plist */,
				C121C674224F6DE8004EE31C /* MIDIParser.swift */,
				C121C67D22520F7B004EE31C /* MIDIMessageToBytes.swift */,
				C121C67F22520FA0004EE31C /* MIDIMessage.swift */,
			);
			path = MIDIKit;
			sourceTree = "<group>";
		};
		C121C663224F6C77004EE31C /* MIDIKitTests */ = {
			isa = PBXGroup;
			children = (
				C151788D2252970B0000732D /* MIDIMessageToBytesTests.swift */,
				C121C678225127C2004EE31C /* MIDIMessageKindTests.swift */,
				C121C664224F6C77004EE31C /* MIDIMessageParserTests.swift */,
				C121C666224F6C77004EE31C /* Info.plist */,
			);
			path = MIDIKitTests;
			sourceTree = "<group>";
		};
/* End PBXGroup section */

/* Begin PBXHeadersBuildPhase section */
		C121C651224F6C77004EE31C /* Headers */ = {
			isa = PBXHeadersBuildPhase;
			buildActionMask = 2147483647;
			files = (
				C121C667224F6C77004EE31C /* MIDIKit.h in Headers */,
			);
			runOnlyForDeploymentPostprocessing = 0;
		};
/* End PBXHeadersBuildPhase section */

/* Begin PBXNativeTarget section */
		C121C655224F6C77004EE31C /* MIDIKit */ = {
			isa = PBXNativeTarget;
			buildConfigurationList = C121C66A224F6C77004EE31C /* Build configuration list for PBXNativeTarget "MIDIKit" */;
			buildPhases = (
				C121C651224F6C77004EE31C /* Headers */,
				C121C652224F6C77004EE31C /* Sources */,
				C121C653224F6C77004EE31C /* Frameworks */,
				C121C654224F6C77004EE31C /* Resources */,
			);
			buildRules = (
			);
			dependencies = (
			);
			name = MIDIKit;
			productName = MIDIKit;
			productReference = C121C656224F6C77004EE31C /* MIDIKit.framework */;
			productType = "com.apple.product-type.framework";
		};
		C121C65E224F6C77004EE31C /* MIDIKitTests */ = {
			isa = PBXNativeTarget;
			buildConfigurationList = C121C66D224F6C77004EE31C /* Build configuration list for PBXNativeTarget "MIDIKitTests" */;
			buildPhases = (
				C121C65B224F6C77004EE31C /* Sources */,
				C121C65C224F6C77004EE31C /* Frameworks */,
				C121C65D224F6C77004EE31C /* Resources */,
			);
			buildRules = (
			);
			dependencies = (
				C121C662224F6C77004EE31C /* PBXTargetDependency */,
			);
			name = MIDIKitTests;
			productName = MIDIKitTests;
			productReference = C121C65F224F6C77004EE31C /* MIDIKitTests.xctest */;
			productType = "com.apple.product-type.bundle.unit-test";
		};
/* End PBXNativeTarget section */

/* Begin PBXProject section */
		C121C64D224F6C77004EE31C /* Project object */ = {
			isa = PBXProject;
			attributes = {
				LastSwiftUpdateCheck = 1020;
				LastUpgradeCheck = 1020;
				ORGANIZATIONNAME = "David Nadoba";
				TargetAttributes = {
					C121C655224F6C77004EE31C = {
						CreatedOnToolsVersion = 10.2;
						LastSwiftMigration = 1020;
					};
					C121C65E224F6C77004EE31C = {
						CreatedOnToolsVersion = 10.2;
					};
				};
			};
			buildConfigurationList = C121C650224F6C77004EE31C /* Build configuration list for PBXProject "MIDIKit" */;
			compatibilityVersion = "Xcode 9.3";
			developmentRegion = en;
			hasScannedForEncodings = 0;
			knownRegions = (
				en,
			);
			mainGroup = C121C64C224F6C77004EE31C;
			productRefGroup = C121C657224F6C77004EE31C /* Products */;
			projectDirPath = "";
			projectRoot = "";
			targets = (
				C121C655224F6C77004EE31C /* MIDIKit */,
				C121C65E224F6C77004EE31C /* MIDIKitTests */,
			);
		};
/* End PBXProject section */

/* Begin PBXResourcesBuildPhase section */
		C121C654224F6C77004EE31C /* Resources */ = {
			isa = PBXResourcesBuildPhase;
			buildActionMask = 2147483647;
			files = (
			);
			runOnlyForDeploymentPostprocessing = 0;
		};
		C121C65D224F6C77004EE31C /* Resources */ = {
			isa = PBXResourcesBuildPhase;
			buildActionMask = 2147483647;
			files = (
			);
			runOnlyForDeploymentPostprocessing = 0;
		};
/* End PBXResourcesBuildPhase section */

/* Begin PBXSourcesBuildPhase section */
		C121C652224F6C77004EE31C /* Sources */ = {
			isa = PBXSourcesBuildPhase;
			buildActionMask = 2147483647;
			files = (
				C121C68022520FA0004EE31C /* MIDIMessage.swift in Sources */,
				C121C67E22520F7B004EE31C /* MIDIMessageToBytes.swift in Sources */,
				C121C671224F6D00004EE31C /* MIDIKit.swift in Sources */,
				C121C675224F6DE8004EE31C /* MIDIParser.swift in Sources */,
			);
			runOnlyForDeploymentPostprocessing = 0;
		};
		C121C65B224F6C77004EE31C /* Sources */ = {
			isa = PBXSourcesBuildPhase;
			buildActionMask = 2147483647;
			files = (
				C121C679225127C2004EE31C /* MIDIMessageKindTests.swift in Sources */,
				C151788E2252970B0000732D /* MIDIMessageToBytesTests.swift in Sources */,
				C121C665224F6C77004EE31C /* MIDIMessageParserTests.swift in Sources */,
			);
			runOnlyForDeploymentPostprocessing = 0;
		};
/* End PBXSourcesBuildPhase section */

/* Begin PBXTargetDependency section */
		C121C662224F6C77004EE31C /* PBXTargetDependency */ = {
			isa = PBXTargetDependency;
			target = C121C655224F6C77004EE31C /* MIDIKit */;
			targetProxy = C121C661224F6C77004EE31C /* PBXContainerItemProxy */;
		};
/* End PBXTargetDependency section */

/* Begin XCBuildConfiguration section */
		C121C668224F6C77004EE31C /* Debug */ = {
			isa = XCBuildConfiguration;
			buildSettings = {
				ALWAYS_SEARCH_USER_PATHS = NO;
				CLANG_ANALYZER_NONNULL = YES;
				CLANG_ANALYZER_NUMBER_OBJECT_CONVERSION = YES_AGGRESSIVE;
				CLANG_CXX_LANGUAGE_STANDARD = "gnu++14";
				CLANG_CXX_LIBRARY = "libc++";
				CLANG_ENABLE_MODULES = YES;
				CLANG_ENABLE_OBJC_ARC = YES;
				CLANG_ENABLE_OBJC_WEAK = YES;
				CLANG_WARN_BLOCK_CAPTURE_AUTORELEASING = YES;
				CLANG_WARN_BOOL_CONVERSION = YES;
				CLANG_WARN_COMMA = YES;
				CLANG_WARN_CONSTANT_CONVERSION = YES;
				CLANG_WARN_DEPRECATED_OBJC_IMPLEMENTATIONS = YES;
				CLANG_WARN_DIRECT_OBJC_ISA_USAGE = YES_ERROR;
				CLANG_WARN_DOCUMENTATION_COMMENTS = YES;
				CLANG_WARN_EMPTY_BODY = YES;
				CLANG_WARN_ENUM_CONVERSION = YES;
				CLANG_WARN_INFINITE_RECURSION = YES;
				CLANG_WARN_INT_CONVERSION = YES;
				CLANG_WARN_NON_LITERAL_NULL_CONVERSION = YES;
				CLANG_WARN_OBJC_IMPLICIT_RETAIN_SELF = YES;
				CLANG_WARN_OBJC_LITERAL_CONVERSION = YES;
				CLANG_WARN_OBJC_ROOT_CLASS = YES_ERROR;
				CLANG_WARN_RANGE_LOOP_ANALYSIS = YES;
				CLANG_WARN_STRICT_PROTOTYPES = YES;
				CLANG_WARN_SUSPICIOUS_MOVE = YES;
				CLANG_WARN_UNGUARDED_AVAILABILITY = YES_AGGRESSIVE;
				CLANG_WARN_UNREACHABLE_CODE = YES;
				CLANG_WARN__DUPLICATE_METHOD_MATCH = YES;
				CODE_SIGN_IDENTITY = "Mac Developer";
				COPY_PHASE_STRIP = NO;
				CURRENT_PROJECT_VERSION = 1;
				DEBUG_INFORMATION_FORMAT = dwarf;
				ENABLE_STRICT_OBJC_MSGSEND = YES;
				ENABLE_TESTABILITY = YES;
				GCC_C_LANGUAGE_STANDARD = gnu11;
				GCC_DYNAMIC_NO_PIC = NO;
				GCC_NO_COMMON_BLOCKS = YES;
				GCC_OPTIMIZATION_LEVEL = 0;
				GCC_PREPROCESSOR_DEFINITIONS = (
					"DEBUG=1",
					"$(inherited)",
				);
				GCC_WARN_64_TO_32_BIT_CONVERSION = YES;
				GCC_WARN_ABOUT_RETURN_TYPE = YES_ERROR;
				GCC_WARN_UNDECLARED_SELECTOR = YES;
				GCC_WARN_UNINITIALIZED_AUTOS = YES_AGGRESSIVE;
				GCC_WARN_UNUSED_FUNCTION = YES;
				GCC_WARN_UNUSED_VARIABLE = YES;
				MACOSX_DEPLOYMENT_TARGET = 10.14;
				MTL_ENABLE_DEBUG_INFO = INCLUDE_SOURCE;
				MTL_FAST_MATH = YES;
				ONLY_ACTIVE_ARCH = YES;
				SDKROOT = macosx;
				SWIFT_ACTIVE_COMPILATION_CONDITIONS = DEBUG;
				SWIFT_OPTIMIZATION_LEVEL = "-Onone";
				VERSIONING_SYSTEM = "apple-generic";
				VERSION_INFO_PREFIX = "";
			};
			name = Debug;
		};
		C121C669224F6C77004EE31C /* Release */ = {
			isa = XCBuildConfiguration;
			buildSettings = {
				ALWAYS_SEARCH_USER_PATHS = NO;
				CLANG_ANALYZER_NONNULL = YES;
				CLANG_ANALYZER_NUMBER_OBJECT_CONVERSION = YES_AGGRESSIVE;
				CLANG_CXX_LANGUAGE_STANDARD = "gnu++14";
				CLANG_CXX_LIBRARY = "libc++";
				CLANG_ENABLE_MODULES = YES;
				CLANG_ENABLE_OBJC_ARC = YES;
				CLANG_ENABLE_OBJC_WEAK = YES;
				CLANG_WARN_BLOCK_CAPTURE_AUTORELEASING = YES;
				CLANG_WARN_BOOL_CONVERSION = YES;
				CLANG_WARN_COMMA = YES;
				CLANG_WARN_CONSTANT_CONVERSION = YES;
				CLANG_WARN_DEPRECATED_OBJC_IMPLEMENTATIONS = YES;
				CLANG_WARN_DIRECT_OBJC_ISA_USAGE = YES_ERROR;
				CLANG_WARN_DOCUMENTATION_COMMENTS = YES;
				CLANG_WARN_EMPTY_BODY = YES;
				CLANG_WARN_ENUM_CONVERSION = YES;
				CLANG_WARN_INFINITE_RECURSION = YES;
				CLANG_WARN_INT_CONVERSION = YES;
				CLANG_WARN_NON_LITERAL_NULL_CONVERSION = YES;
				CLANG_WARN_OBJC_IMPLICIT_RETAIN_SELF = YES;
				CLANG_WARN_OBJC_LITERAL_CONVERSION = YES;
				CLANG_WARN_OBJC_ROOT_CLASS = YES_ERROR;
				CLANG_WARN_RANGE_LOOP_ANALYSIS = YES;
				CLANG_WARN_STRICT_PROTOTYPES = YES;
				CLANG_WARN_SUSPICIOUS_MOVE = YES;
				CLANG_WARN_UNGUARDED_AVAILABILITY = YES_AGGRESSIVE;
				CLANG_WARN_UNREACHABLE_CODE = YES;
				CLANG_WARN__DUPLICATE_METHOD_MATCH = YES;
				CODE_SIGN_IDENTITY = "Mac Developer";
				COPY_PHASE_STRIP = NO;
				CURRENT_PROJECT_VERSION = 1;
				DEBUG_INFORMATION_FORMAT = "dwarf-with-dsym";
				ENABLE_NS_ASSERTIONS = NO;
				ENABLE_STRICT_OBJC_MSGSEND = YES;
				GCC_C_LANGUAGE_STANDARD = gnu11;
				GCC_NO_COMMON_BLOCKS = YES;
				GCC_WARN_64_TO_32_BIT_CONVERSION = YES;
				GCC_WARN_ABOUT_RETURN_TYPE = YES_ERROR;
				GCC_WARN_UNDECLARED_SELECTOR = YES;
				GCC_WARN_UNINITIALIZED_AUTOS = YES_AGGRESSIVE;
				GCC_WARN_UNUSED_FUNCTION = YES;
				GCC_WARN_UNUSED_VARIABLE = YES;
				MACOSX_DEPLOYMENT_TARGET = 10.14;
				MTL_ENABLE_DEBUG_INFO = NO;
				MTL_FAST_MATH = YES;
				SDKROOT = macosx;
				SWIFT_COMPILATION_MODE = wholemodule;
				SWIFT_OPTIMIZATION_LEVEL = "-O";
				VERSIONING_SYSTEM = "apple-generic";
				VERSION_INFO_PREFIX = "";
			};
			name = Release;
		};
		C121C66B224F6C77004EE31C /* Debug */ = {
			isa = XCBuildConfiguration;
			buildSettings = {
				CLANG_ENABLE_MODULES = YES;
				CODE_SIGN_IDENTITY = "";
				CODE_SIGN_STYLE = Automatic;
				COMBINE_HIDPI_IMAGES = YES;
				DEFINES_MODULE = YES;
				DEVELOPMENT_TEAM = XKQRPFVM7Z;
				DYLIB_COMPATIBILITY_VERSION = 1;
				DYLIB_CURRENT_VERSION = 1;
				DYLIB_INSTALL_NAME_BASE = "@rpath";
				FRAMEWORK_VERSION = A;
				INFOPLIST_FILE = MIDIKit/Info.plist;
				INSTALL_PATH = "$(LOCAL_LIBRARY_DIR)/Frameworks";
				LD_RUNPATH_SEARCH_PATHS = (
					"$(inherited)",
					"@executable_path/../Frameworks",
					"@loader_path/Frameworks",
				);
				PRODUCT_BUNDLE_IDENTIFIER = de.nadoba.MIDIKit;
				PRODUCT_NAME = "$(TARGET_NAME:c99extidentifier)";
				SKIP_INSTALL = YES;
				SWIFT_OPTIMIZATION_LEVEL = "-Onone";
				SWIFT_VERSION = 5.0;
			};
			name = Debug;
		};
		C121C66C224F6C77004EE31C /* Release */ = {
			isa = XCBuildConfiguration;
			buildSettings = {
				CLANG_ENABLE_MODULES = YES;
				CODE_SIGN_IDENTITY = "";
				CODE_SIGN_STYLE = Automatic;
				COMBINE_HIDPI_IMAGES = YES;
				DEFINES_MODULE = YES;
				DEVELOPMENT_TEAM = XKQRPFVM7Z;
				DYLIB_COMPATIBILITY_VERSION = 1;
				DYLIB_CURRENT_VERSION = 1;
				DYLIB_INSTALL_NAME_BASE = "@rpath";
				FRAMEWORK_VERSION = A;
				INFOPLIST_FILE = MIDIKit/Info.plist;
				INSTALL_PATH = "$(LOCAL_LIBRARY_DIR)/Frameworks";
				LD_RUNPATH_SEARCH_PATHS = (
					"$(inherited)",
					"@executable_path/../Frameworks",
					"@loader_path/Frameworks",
				);
				PRODUCT_BUNDLE_IDENTIFIER = de.nadoba.MIDIKit;
				PRODUCT_NAME = "$(TARGET_NAME:c99extidentifier)";
				SKIP_INSTALL = YES;
				SWIFT_VERSION = 5.0;
			};
			name = Release;
		};
		C121C66E224F6C77004EE31C /* Debug */ = {
			isa = XCBuildConfiguration;
			buildSettings = {
				ALWAYS_EMBED_SWIFT_STANDARD_LIBRARIES = YES;
				CODE_SIGN_STYLE = Automatic;
				COMBINE_HIDPI_IMAGES = YES;
				DEVELOPMENT_TEAM = XKQRPFVM7Z;
				INFOPLIST_FILE = MIDIKitTests/Info.plist;
				LD_RUNPATH_SEARCH_PATHS = (
					"$(inherited)",
					"@executable_path/../Frameworks",
					"@loader_path/../Frameworks",
				);
				PRODUCT_BUNDLE_IDENTIFIER = de.nadoba.MIDIKitTests;
				PRODUCT_NAME = "$(TARGET_NAME)";
				SWIFT_VERSION = 5.0;
			};
			name = Debug;
		};
		C121C66F224F6C77004EE31C /* Release */ = {
			isa = XCBuildConfiguration;
			buildSettings = {
				ALWAYS_EMBED_SWIFT_STANDARD_LIBRARIES = YES;
				CODE_SIGN_STYLE = Automatic;
				COMBINE_HIDPI_IMAGES = YES;
				DEVELOPMENT_TEAM = XKQRPFVM7Z;
				INFOPLIST_FILE = MIDIKitTests/Info.plist;
				LD_RUNPATH_SEARCH_PATHS = (
					"$(inherited)",
					"@executable_path/../Frameworks",
					"@loader_path/../Frameworks",
				);
				PRODUCT_BUNDLE_IDENTIFIER = de.nadoba.MIDIKitTests;
				PRODUCT_NAME = "$(TARGET_NAME)";
				SWIFT_VERSION = 5.0;
			};
			name = Release;
		};
/* End XCBuildConfiguration section */

/* Begin XCConfigurationList section */
		C121C650224F6C77004EE31C /* Build configuration list for PBXProject "MIDIKit" */ = {
			isa = XCConfigurationList;
			buildConfigurations = (
				C121C668224F6C77004EE31C /* Debug */,
				C121C669224F6C77004EE31C /* Release */,
			);
			defaultConfigurationIsVisible = 0;
			defaultConfigurationName = Release;
		};
		C121C66A224F6C77004EE31C /* Build configuration list for PBXNativeTarget "MIDIKit" */ = {
			isa = XCConfigurationList;
			buildConfigurations = (
				C121C66B224F6C77004EE31C /* Debug */,
				C121C66C224F6C77004EE31C /* Release */,
			);
			defaultConfigurationIsVisible = 0;
			defaultConfigurationName = Release;
		};
		C121C66D224F6C77004EE31C /* Build configuration list for PBXNativeTarget "MIDIKitTests" */ = {
			isa = XCConfigurationList;
			buildConfigurations = (
				C121C66E224F6C77004EE31C /* Debug */,
				C121C66F224F6C77004EE31C /* Release */,
			);
			defaultConfigurationIsVisible = 0;
			defaultConfigurationName = Release;
		};
/* End XCConfigurationList section */
	};
	rootObject = C121C64D224F6C77004EE31C /* Project object */;
}
